
Microsoft Visual Studio Solution File, Format Version 12.00
# Visual Studio Version 17
VisualStudioVersion = 17.10.35122.118
MinimumVisualStudioVersion = 10.0.40219.1
Project("{9A19103F-16F7-4668-BE54-9A1E7A4F7556}") = "DungeonGuyWeb", "DungeonGuyWeb\DungeonGuyWeb.csproj", "{B91A2A93-18FC-4CD0-A341-73AE0D8F0FA7}"
EndProject
Project("{FAE04EC0-301F-11D3-BF4B-00C04F79EFBC}") = "Data", "Data\Data.csproj", "{EB78C7B9-9DA7-45CF-AF33-8002E4AE814F}"
EndProject
Global
	GlobalSection(SolutionConfigurationPlatforms) = preSolution
		Debug|Any CPU = Debug|Any CPU
		Release|Any CPU = Release|Any CPU
	EndGlobalSection
	GlobalSection(ProjectConfigurationPlatforms) = postSolution
		{B91A2A93-18FC-4CD0-A341-73AE0D8F0FA7}.Debug|Any CPU.ActiveCfg = Debug|Any CPU
		{B91A2A93-18FC-4CD0-A341-73AE0D8F0FA7}.Debug|Any CPU.Build.0 = Debug|Any CPU
		{B91A2A93-18FC-4CD0-A341-73AE0D8F0FA7}.Release|Any CPU.ActiveCfg = Release|Any CPU
		{B91A2A93-18FC-4CD0-A341-73AE0D8F0FA7}.Release|Any CPU.Build.0 = Release|Any CPU
		{EB78C7B9-9DA7-45CF-AF33-8002E4AE814F}.Debug|Any CPU.ActiveCfg = Debug|Any CPU
		{EB78C7B9-9DA7-45CF-AF33-8002E4AE814F}.Debug|Any CPU.Build.0 = Debug|Any CPU
		{EB78C7B9-9DA7-45CF-AF33-8002E4AE814F}.Release|Any CPU.ActiveCfg = Release|Any CPU
		{EB78C7B9-9DA7-45CF-AF33-8002E4AE814F}.Release|Any CPU.Build.0 = Release|Any CPU
	EndGlobalSection
	GlobalSection(SolutionProperties) = preSolution
		HideSolutionNode = FALSE
	EndGlobalSection
	GlobalSection(ExtensibilityGlobals) = postSolution
		SolutionGuid = {EEF14C11-89E3-4482-857A-314100FC3B38}
	EndGlobalSection
EndGlobal
